
Microsoft Visual Studio Solution File, Format Version 12.00
# Visual Studio Version 16
VisualStudioVersion = 16.0.30406.217
MinimumVisualStudioVersion = 10.0.40219.1
Project("{9A19103F-16F7-4668-BE54-9A1E7A4F7556}") = "ApiCadastro", "ApiCadastro\ApiCadastro.csproj", "{A737C77B-D9CD-43DD-A351-2F12CC7B48BB}"
EndProject
Project("{9A19103F-16F7-4668-BE54-9A1E7A4F7556}") = "ApiTeste1", "ApiTeste1\ApiTeste1.csproj", "{B86151CA-30E4-4882-88F3-790DD5A6A8D6}"
EndProject
Project("{9A19103F-16F7-4668-BE54-9A1E7A4F7556}") = "TesteIdentity", "TesteIdentity\TesteIdentity.csproj", "{E6BD8AED-986E-4A3D-9FD8-4CE6CA5EF11B}"
EndProject
Project("{9A19103F-16F7-4668-BE54-9A1E7A4F7556}") = "ApiTeste2", "ApiTeste2\ApiTeste2.csproj", "{49FD7265-A569-401A-A1E8-6D72282745EC}"
EndProject
Project("{FAE04EC0-301F-11D3-BF4B-00C04F79EFBC}") = "WebTeste3.MVC", "WebTeste3.MVC\WebTeste3.MVC.csproj", "{37B801DF-18A3-47CD-A140-B9BAA878BD62}"
EndProject
Global
	GlobalSection(SolutionConfigurationPlatforms) = preSolution
		Debug|Any CPU = Debug|Any CPU
		Release|Any CPU = Release|Any CPU
	EndGlobalSection
	GlobalSection(ProjectConfigurationPlatforms) = postSolution
		{A737C77B-D9CD-43DD-A351-2F12CC7B48BB}.Debug|Any CPU.ActiveCfg = Debug|Any CPU
		{A737C77B-D9CD-43DD-A351-2F12CC7B48BB}.Debug|Any CPU.Build.0 = Debug|Any CPU
		{A737C77B-D9CD-43DD-A351-2F12CC7B48BB}.Release|Any CPU.ActiveCfg = Release|Any CPU
		{A737C77B-D9CD-43DD-A351-2F12CC7B48BB}.Release|Any CPU.Build.0 = Release|Any CPU
		{B86151CA-30E4-4882-88F3-790DD5A6A8D6}.Debug|Any CPU.ActiveCfg = Debug|Any CPU
		{B86151CA-30E4-4882-88F3-790DD5A6A8D6}.Debug|Any CPU.Build.0 = Debug|Any CPU
		{B86151CA-30E4-4882-88F3-790DD5A6A8D6}.Release|Any CPU.ActiveCfg = Release|Any CPU
		{B86151CA-30E4-4882-88F3-790DD5A6A8D6}.Release|Any CPU.Build.0 = Release|Any CPU
		{E6BD8AED-986E-4A3D-9FD8-4CE6CA5EF11B}.Debug|Any CPU.ActiveCfg = Debug|Any CPU
		{E6BD8AED-986E-4A3D-9FD8-4CE6CA5EF11B}.Debug|Any CPU.Build.0 = Debug|Any CPU
		{E6BD8AED-986E-4A3D-9FD8-4CE6CA5EF11B}.Release|Any CPU.ActiveCfg = Release|Any CPU
		{E6BD8AED-986E-4A3D-9FD8-4CE6CA5EF11B}.Release|Any CPU.Build.0 = Release|Any CPU
		{49FD7265-A569-401A-A1E8-6D72282745EC}.Debug|Any CPU.ActiveCfg = Debug|Any CPU
		{49FD7265-A569-401A-A1E8-6D72282745EC}.Debug|Any CPU.Build.0 = Debug|Any CPU
		{49FD7265-A569-401A-A1E8-6D72282745EC}.Release|Any CPU.ActiveCfg = Release|Any CPU
		{49FD7265-A569-401A-A1E8-6D72282745EC}.Release|Any CPU.Build.0 = Release|Any CPU
		{37B801DF-18A3-47CD-A140-B9BAA878BD62}.Debug|Any CPU.ActiveCfg = Debug|Any CPU
		{37B801DF-18A3-47CD-A140-B9BAA878BD62}.Debug|Any CPU.Build.0 = Debug|Any CPU
		{37B801DF-18A3-47CD-A140-B9BAA878BD62}.Release|Any CPU.ActiveCfg = Release|Any CPU
		{37B801DF-18A3-47CD-A140-B9BAA878BD62}.Release|Any CPU.Build.0 = Release|Any CPU
	EndGlobalSection
	GlobalSection(SolutionProperties) = preSolution
		HideSolutionNode = FALSE
	EndGlobalSection
	GlobalSection(ExtensibilityGlobals) = postSolution
		SolutionGuid = {466A1AC1-2BD1-42AC-804C-022429F38751}
	EndGlobalSection
EndGlobal
